
Microsoft Visual Studio Solution File, Format Version 12.00
# Visual Studio Version 17
VisualStudioVersion = 17.13.35825.156
MinimumVisualStudioVersion = 10.0.40219.1
Project("{FAE04EC0-301F-11D3-BF4B-00C04F79EFBC}") = "TaskManagementAssesmentt", "TaskManagementAssesmentt\TaskManagementAssesmentt.csproj", "{BA2488E1-C29B-417B-9FC2-1DB944342672}"
EndProject
Project("{FAE04EC0-301F-11D3-BF4B-00C04F79EFBC}") = "TaskManagementAssesmentt.Test", "TaskManagementAssesmentt.Test\TaskManagementAssesmentt.Test.csproj", "{4FD799BD-C5DE-4588-8E4E-8497E85F82D2}"
EndProject
Global
	GlobalSection(SolutionConfigurationPlatforms) = preSolution
		Debug|Any CPU = Debug|Any CPU
		Release|Any CPU = Release|Any CPU
	EndGlobalSection
	GlobalSection(ProjectConfigurationPlatforms) = postSolution
		{BA2488E1-C29B-417B-9FC2-1DB944342672}.Debug|Any CPU.ActiveCfg = Debug|Any CPU
		{BA2488E1-C29B-417B-9FC2-1DB944342672}.Debug|Any CPU.Build.0 = Debug|Any CPU
		{BA2488E1-C29B-417B-9FC2-1DB944342672}.Release|Any CPU.ActiveCfg = Release|Any CPU
		{BA2488E1-C29B-417B-9FC2-1DB944342672}.Release|Any CPU.Build.0 = Release|Any CPU
		{4FD799BD-C5DE-4588-8E4E-8497E85F82D2}.Debug|Any CPU.ActiveCfg = Debug|Any CPU
		{4FD799BD-C5DE-4588-8E4E-8497E85F82D2}.Debug|Any CPU.Build.0 = Debug|Any CPU
		{4FD799BD-C5DE-4588-8E4E-8497E85F82D2}.Release|Any CPU.ActiveCfg = Release|Any CPU
		{4FD799BD-C5DE-4588-8E4E-8497E85F82D2}.Release|Any CPU.Build.0 = Release|Any CPU
	EndGlobalSection
	GlobalSection(SolutionProperties) = preSolution
		HideSolutionNode = FALSE
	EndGlobalSection
	GlobalSection(ExtensibilityGlobals) = postSolution
		SolutionGuid = {DA6E1D56-8704-4F4C-820D-E520E919B77C}
	EndGlobalSection
EndGlobal
